version: 1
source:
  repository: https://github.com/jfjelstul/worldcup
  commit: 35a8667f518b07469182ae16d35574dd0e7a00fb
  baseUrl: https://raw.githubusercontent.com/jfjelstul/worldcup/35a8667f518b07469182ae16d35574dd0e7a00fb/data-csv
license:
  name: CC-BY-SA-4.0
  attribution: "© 2023 Joshua C. Fjelstul, Ph.D."
files:
  - path: tournaments.csv
    sha256: 906b122d80aae5302486bafa9dfd925378503a2a11de6f5db39d6c4879040ce0
  - path: confederations.csv
    sha256: 1560c8d8d25c257ae53ba146a06f1fee25b23b07c3cfcff15c5aaabaa40baf30
  - path: teams.csv
    sha256: a2d5ef96fade3bee9ffd22a28cda6378c6b9fb67f8e99514aa58ec0854d26a66
  - path: players.csv
    sha256: 97d61d04b522c9b6471753e92eb3100978d8159ca8c7a7bfd1b2f1921e92e884
  - path: managers.csv
    sha256: 94e4db4acc0570e821e7180ed11adf002d65b56b63e3edd041e210d94753a985
  - path: referees.csv
    sha256: f9884485637116ed734852f0c1b4fd858398bbb6485c6e1f3f3187111b26948d
  - path: stadiums.csv
    sha256: 88b1bddb12cdf5abfe640937959dff41877f096f8b32b09c2f3a2614ec22e91c
  - path: matches.csv
    sha256: 037f718764758e7dda3a2918276f85fa8389af1d50999d2a480c8a6a49408875
  - path: awards.csv
    sha256: 80ff600291b87c519eacf79aecfa7a16ca7222a693b67ba604843ce3b719ca21
  - path: qualified_teams.csv
    sha256: 7774c395295e4cca9a55b5d4d947b3c6f90b0abe2a984c6b1ba108145b0cad9e
  - path: squads.csv
    sha256: dafd483504fe26a63ae211e2539462fbbd86c53d5e079fc0a8cf48e8273659bb
  - path: manager_appointments.csv
    sha256: 7ba0a3db430da1372219c83f5dab372250ad55951d0f052f93e9e7216eed6e9c
  - path: referee_appointments.csv
    sha256: 9fbb2841b37d4a6aac4b4c1c0bc6905ac270cfd2e6563dbfb8d5ef35e60c0f9d
  - path: team_appearances.csv
    sha256: 10daa069291136fb42e2f93cffbb1f45bfca722f29cf3d24cce4648182b4e013
  - path: player_appearances.csv
    sha256: edab41b99556cf7494387a5c7d74824c4c69a4474c32d1d4fbf8bab4e61ad483
  - path: manager_appearances.csv
    sha256: 33f39d48fd60479138da38d3d90d82dc0d86795830cfc54a053a4d831063193a
  - path: referee_appearances.csv
    sha256: c3f213a6d8a1db38b93f22bc98f7b04fcde694670c544a6117ca35e13cc8c206
  - path: goals.csv
    sha256: 4fbe990b7f42bb8af00d1587af09359ecfdb4ee4101bb44fda0eb336fc1e5be3
  - path: penalty_kicks.csv
    sha256: cbc58511b92b84b30baf674b20ede84f2bae3813b5d367e5c049e8108f222d9a
  - path: bookings.csv
    sha256: e1c010ce790fc7729392dc51ceafcb75775b4cc2e3ba39b186efbe6ab19f8969
  - path: substitutions.csv
    sha256: dd98a991dceaeb966771db3e6f7b28413a76f16be3a1f0c2a99b8c258a3a8e56
  - path: host_countries.csv
    sha256: bac4e724d1e8352208ba59ed91dc314c27f98666ab80366bd954908b59f0a027
  - path: tournament_stages.csv
    sha256: e4a6606907cf7c797dc0d9c7c26f29d8cbe05f02a089b828b6933f3ca10f3024
  - path: groups.csv
    sha256: 9c5b27464ff20591cde826922c8687df83ed6a653d10999f9238052a1d746ff8
  - path: group_standings.csv
    sha256: 3de1d95f81ff47e42517c1c19ba780267f872a9ff73e0ddf3600542e5962d68e
  - path: tournament_standings.csv
    sha256: a1649d448bb769ee1e808e567e5fdc2c3256267aaf14ff5902e26a5b2a7344ea
  - path: award_winners.csv
    sha256: 84deded971dabc8bc30dab6dbcdabc7f08c646f6e5db22b85d2a71cdad437955
